
Microsoft Visual Studio Solution File, Format Version 12.00
# Visual Studio Version 17
VisualStudioVersion = 17.9.34728.123
MinimumVisualStudioVersion = 10.0.40219.1
Project("{FAE04EC0-301F-11D3-BF4B-00C04F79EFBC}") = "mvc-task", "mvc-task\mvc-task.csproj", "{3EF29C28-B6D4-4E66-BF6A-BC97E5B8CA6D}"
EndProject
Global
	GlobalSection(SolutionConfigurationPlatforms) = preSolution
		Debug|Any CPU = Debug|Any CPU
		Release|Any CPU = Release|Any CPU
	EndGlobalSection
	GlobalSection(ProjectConfigurationPlatforms) = postSolution
		{3EF29C28-B6D4-4E66-BF6A-BC97E5B8CA6D}.Debug|Any CPU.ActiveCfg = Debug|Any CPU
		{3EF29C28-B6D4-4E66-BF6A-BC97E5B8CA6D}.Debug|Any CPU.Build.0 = Debug|Any CPU
		{3EF29C28-B6D4-4E66-BF6A-BC97E5B8CA6D}.Release|Any CPU.ActiveCfg = Release|Any CPU
		{3EF29C28-B6D4-4E66-BF6A-BC97E5B8CA6D}.Release|Any CPU.Build.0 = Release|Any CPU
	EndGlobalSection
	GlobalSection(SolutionProperties) = preSolution
		HideSolutionNode = FALSE
	EndGlobalSection
	GlobalSection(ExtensibilityGlobals) = postSolution
		SolutionGuid = {DD305967-C192-402D-BCD9-39982FA24E41}
	EndGlobalSection
EndGlobal
